lockfileVersion: '9.0'

settings:
  autoInstallPeers: true
  excludeLinksFromLockfile: false

importers:

  .:
    devDependencies:
      coc.nvim:
        specifier: 0.0.83-next.24
        version: 0.0.83-next.24(@types/node@16.18.126)
      oxfmt:
        specifier: ^0.22.0
        version: 0.22.0
      oxlint:
        specifier: ^1.16.0
        version: 1.37.0(oxlint-tsgolint@0.10.1)
      oxlint-tsgolint:
        specifier: ^0.10.0
        version: 0.10.1
      rolldown:
        specifier: ^1.0.0-beta.52
        version: 1.0.0-beta.58
      typescript:
        specifier: ^5.9.2
        version: 5.9.3

packages:

  '@emnapi/core@1.7.1':
    resolution: {integrity: sha512-o1uhUASyo921r2XtHYOHy7gdkGLge8ghBEQHMWmyJFoXlpU58kIrhhN3w26lpQb6dspetweapMn2CSNwQ8I4wg==}

  '@emnapi/runtime@1.7.1':
    resolution: {integrity: sha512-PVtJr5CmLwYAU9PZDMITZoR5iAOShYREoR45EyyLrbntV50mdePTgUn4AmOw90Ifcj+x2kRjdzr1HP3RrNiHGA==}

  '@emnapi/wasi-threads@1.1.0':
    resolution: {integrity: sha512-WI0DdZ8xFSbgMjR1sFsKABJ/C5OnRrjT06JXbZKexJGrDuPTzZdDYfFlsgcCXCyf+suG5QU2e/y1Wo2V/OapLQ==}

  '@napi-rs/wasm-runtime@1.1.1':
    resolution: {integrity: sha512-p64ah1M1ld8xjWv3qbvFwHiFVWrq1yFvV4f7w+mzaqiR4IlSgkqhcRdHwsGgomwzBH51sRY4NEowLxnaBjcW/A==}

  '@oxc-project/types@0.106.0':
    resolution: {integrity: sha512-QdsH3rZq480VnOHSHgPYOhjL8O8LBdcnSjM408BpPCCUc0JYYZPG9Gafl9i3OcGk/7137o+gweb4cCv3WAUykg==}

  '@oxfmt/darwin-arm64@0.22.0':
    resolution: {integrity: sha512-dhz2m2uLrHT3MwM+LAdvr97EojJZTwaZ6BuMTRftJzqa9dHYDG/MtSBuDD2DpGpZ0SM2iVwni2wCzCYGKTojbA==}
    cpu: [arm64]
    os: [darwin]

  '@oxfmt/darwin-x64@0.22.0':
    resolution: {integrity: sha512-VykUbibvqSOG5YIFUMpHtZVrY1YKDl9Il2SvFemUfR5Ac1t1BFZOnazYe98jtZGFY4sEdEORs0ImBARnyMX/hw==}
    cpu: [x64]
    os: [darwin]

  '@oxfmt/linux-arm64-gnu@0.22.0':
    resolution: {integrity: sha512-y0MBha/K34TztYAZUn6KQE9xLPLNHqRpOdzRp96fhkbrQTeEXo+jF+8+aV8VnqjG0y7p+IQN4ATxNSstSPO9sA==}
    cpu: [arm64]
    os: [linux]

  '@oxfmt/linux-arm64-musl@0.22.0':
    resolution: {integrity: sha512-8a0p2UEmavB+moQ7ID17i+dE7N2xng6lPU8vrrNnnwKde0YpGHdW6hmuH4mS+rrltvs0fjyGRSvCnD2Qm9IAcA==}
    cpu: [arm64]
    os: [linux]

  '@oxfmt/linux-x64-gnu@0.22.0':
    resolution: {integrity: sha512-ZA1lS6MLvtGfD9AaDylCSTTiOWVQs1eIl9uqsGYs+Zr8p0mI7QRIRA6juWk9FXn1hHfmYBdBgWu2GdIW0YFCFA==}
    cpu: [x64]
    os: [linux]

  '@oxfmt/linux-x64-musl@0.22.0':
    resolution: {integrity: sha512-J5zFB8T5yk6Jx63rdKuXfcPqR1cAp12nO5/NJfGITH00AML2Yj9JM4dRnmssJomYHKa8dNSr40l6OdxRZN88CQ==}
    cpu: [x64]
    os: [linux]

  '@oxfmt/win32-arm64@0.22.0':
    resolution: {integrity: sha512-XYxyIiOf3HqlfETLFKqCHYL88mhw+Ka25vDVgmlcghbJv9BPoVzquZW7P4i0T3D5GWp4LHhZHmMo8BuK8PP5BA==}
    cpu: [arm64]
    os: [win32]

  '@oxfmt/win32-x64@0.22.0':
    resolution: {integrity: sha512-/shfU+wwlXcKP2NkZt+kYCSVom2EEu8MwbENlYCak6LtPPrN5xAQhHuOSFByjDzTBApdQugch0j0ZB/4Wyaljg==}
    cpu: [x64]
    os: [win32]

  '@oxlint-tsgolint/darwin-arm64@0.10.1':
    resolution: {integrity: sha512-KGC4++BeEqrIcmDHiJt/e6/860PWJmUJjjp0mE+smpBmRXMjmOFFjrPmN+ZyCyVgf1WdmhPkQXsRSPeTR+2omw==}
    cpu: [arm64]
    os: [darwin]

  '@oxlint-tsgolint/darwin-x64@0.10.1':
    resolution: {integrity: sha512-tvmrDgj3Q0tdc+zMWfCVLVq8EQDEUqasm1zaWgSMYIszpID6qdgqbT+OpWWXV9fLZgtvrkoXGwxkHAUJzdVZXQ==}
    cpu: [x64]
    os: [darwin]

  '@oxlint-tsgolint/linux-arm64@0.10.1':
    resolution: {integrity: sha512-7kD28z6/ykGx8WetKTPRZt30pd+ziassxg/8cM24lhjUI+hNXyRHVtHes73dh9D6glJKno+1ut+3amUdZBZcpQ==}
    cpu: [arm64]
    os: [linux]

  '@oxlint-tsgolint/linux-x64@0.10.1':
    resolution: {integrity: sha512-NmJmiqdzYUTHIxteSTyX6IFFgnIsOAjRWXfrS6Jbo5xlB3g39WHniSF3asB/khLJNtwSg4InUS34NprYM7zrEw==}
    cpu: [x64]
    os: [linux]

  '@oxlint-tsgolint/win32-arm64@0.10.1':
    resolution: {integrity: sha512-3KrT80vl3nXUkjuJI/z8dF6xWsKx0t9Tz4ZQHgQw3fYw+CoihBRWGklrdlmCz+EGfMyVaQLqBV9PZckhSqLe2A==}
    cpu: [arm64]
    os: [win32]

  '@oxlint-tsgolint/win32-x64@0.10.1':
    resolution: {integrity: sha512-hW1fSJZVxG51sLdGq1sQjOzb1tsQ23z/BquJfUwL7CqBobxr7TJvGmoINL+9KryOJt0jCoaiMfWe4yoYw5XfIA==}
    cpu: [x64]
    os: [win32]

  '@oxlint/darwin-arm64@1.37.0':
    resolution: {integrity: sha512-qDa8qf4Th3sbk6P6wRbsv5paGeZ8EEOy8PtnT2IkAYSzjDHavw8nMK/lQvf6uS7LArjcmOfM1Y3KnZUFoNZZqg==}
    cpu: [arm64]
    os: [darwin]

  '@oxlint/darwin-x64@1.37.0':
    resolution: {integrity: sha512-FM0h0KyOQ4HCdhIX1ne6d80BxRra75h1ORce0jYNwQ49HT4RU8+9ywSMC7rQ79xWsmaahvkQPB7tMPyfjsQwAg==}
    cpu: [x64]
    os: [darwin]

  '@oxlint/linux-arm64-gnu@1.37.0':
    resolution: {integrity: sha512-2axK0lftGwM6Q7wOuY2sassUqa4MKrG3iemVVyEpXzJ6g5QosxhCoFPp9v81/gmLT5kAdd2gskoDcfpDJliDNw==}
    cpu: [arm64]
    os: [linux]

  '@oxlint/linux-arm64-musl@1.37.0':
    resolution: {integrity: sha512-f3YROyGMIdUeXx0yD7RsAUBzBvD222D4l2GQRYF3AMxyp9mya17Rq/3wNLR4JDnAnboOul3DAEKNm+09lo3uZw==}
    cpu: [arm64]
    os: [linux]

  '@oxlint/linux-x64-gnu@1.37.0':
    resolution: {integrity: sha512-FANOdOVQ2c4acYLM0dvtSoKELHSSnDBxDdm8OlXNzSRanQILrNpLgUqCXHFsfiHipFfNzz3Z417PxV6X4aBYog==}
    cpu: [x64]
    os: [linux]

  '@oxlint/linux-x64-musl@1.37.0':
    resolution: {integrity: sha512-eYnSKT9knXdOQ9h+6nSjEHSx0+pW8PkGwtMNGXtCYR+/ZPKYIbtZVS0nZsFy+qizP+TRVSJrgc/JY3Xr0wjcQg==}
    cpu: [x64]
    os: [linux]

  '@oxlint/win32-arm64@1.37.0':
    resolution: {integrity: sha512-2oHxNc4jcocfNWGWVVWQdEG+reZ5ncBZsmDoICJQ1rbCDx4Yimx8VUf1Ub9cCoJRcPiSLBxMqaeMaDClKixJIQ==}
    cpu: [arm64]
    os: [win32]

  '@oxlint/win32-x64@1.37.0':
    resolution: {integrity: sha512-w+pBuTjGmGCGPhDjFhj/97K2tlGyq5LKAU6S7FHxROPuJRWJD6uio1L75Lsb8fKhwtw2rm54LLOX30Yi+nILxw==}
    cpu: [x64]
    os: [win32]

  '@rolldown/binding-android-arm64@1.0.0-beta.58':
    resolution: {integrity: sha512-mWj5eE4Qc8TbPdGGaaLvBb9XfDPvE1EmZkJQgiGKwchkWH4oAJcRAKMTw7ZHnb1L+t7Ah41sBkAecaIsuUgsug==}
    engines: {node: ^20.19.0 || >=22.12.0}
    cpu: [arm64]
    os: [android]

  '@rolldown/binding-darwin-arm64@1.0.0-beta.58':
    resolution: {integrity: sha512-wFxUymI/5R8bH8qZFYDfAxAN9CyISEIYke+95oZPiv6EWo88aa5rskjVcCpKA532R+klFmdqjbbaD56GNmTF4Q==}
    engines: {node: ^20.19.0 || >=22.12.0}
    cpu: [arm64]
    os: [darwin]

  '@rolldown/binding-darwin-x64@1.0.0-beta.58':
    resolution: {integrity: sha512-ybp3MkPj23VDV9PhtRwdU5qrGhlViWRV5BjKwO6epaSlUD5lW0WyY+roN3ZAzbma/9RrMTgZ/a/gtQq8YXOcqw==}
    engines: {node: ^20.19.0 || >=22.12.0}
    cpu: [x64]
    os: [darwin]

  '@rolldown/binding-freebsd-x64@1.0.0-beta.58':
    resolution: {integrity: sha512-Evxj3yh7FWvyklUYZa0qTVT9N2zX9TPDqGF056hl8hlCZ9/ndQ2xMv6uw9PD1VlLpukbsqL+/C6M0qwipL0QMg==}
    engines: {node: ^20.19.0 || >=22.12.0}
    cpu: [x64]
    os: [freebsd]

  '@rolldown/binding-linux-arm-gnueabihf@1.0.0-beta.58':
    resolution: {integrity: sha512-tYeXprDOrEgVHUbPXH6MPso4cM/c6RTkmJNICMQlYdki4hGMh92aj3yU6CKs+4X5gfG0yj5kVUw/L4M685SYag==}
    engines: {node: ^20.19.0 || >=22.12.0}
    cpu: [arm]
    os: [linux]

  '@rolldown/binding-linux-arm64-gnu@1.0.0-beta.58':
    resolution: {integrity: sha512-N78vmZzP6zG967Ohr+MasCjmKtis0geZ1SOVmxrA0/bklTQSzH5kHEjW5Qn+i1taFno6GEre1E40v0wuWsNOQw==}
    engines: {node: ^20.19.0 || >=22.12.0}
    cpu: [arm64]
    os: [linux]

  '@rolldown/binding-linux-arm64-musl@1.0.0-beta.58':
    resolution: {integrity: sha512-l+p4QVtG72C7wI2SIkNQw/KQtSjuYwS3rV6AKcWrRBF62ClsFUcif5vLaZIEbPrCXu5OFRXigXFJnxYsVVZqdQ==}
    engines: {node: ^20.19.0 || >=22.12.0}
    cpu: [arm64]
    os: [linux]

  '@rolldown/binding-linux-x64-gnu@1.0.0-beta.58':
    resolution: {integrity: sha512-urzJX0HrXxIh0FfxwWRjfPCMeInU9qsImLQxHBgLp5ivji1EEUnOfux8KxPPnRQthJyneBrN2LeqUix9DYrNaQ==}
    engines: {node: ^20.19.0 || >=22.12.0}
    cpu: [x64]
    os: [linux]

  '@rolldown/binding-linux-x64-musl@1.0.0-beta.58':
    resolution: {integrity: sha512-7ijfVK3GISnXIwq/1FZo+KyAUJjL3kWPJ7rViAL6MWeEBhEgRzJ0yEd9I8N9aut8Y8ab+EKFJyRNMWZuUBwQ0A==}
    engines: {node: ^20.19.0 || >=22.12.0}
    cpu: [x64]
    os: [linux]

  '@rolldown/binding-openharmony-arm64@1.0.0-beta.58':
    resolution: {integrity: sha512-/m7sKZCS+cUULbzyJTIlv8JbjNohxbpAOA6cM+lgWgqVzPee3U6jpwydrib328JFN/gF9A99IZEnuGYqEDJdww==}
    engines: {node: ^20.19.0 || >=22.12.0}
    cpu: [arm64]
    os: [openharmony]

  '@rolldown/binding-wasm32-wasi@1.0.0-beta.58':
    resolution: {integrity: sha512-6SZk7zMgv+y3wFFQ9qE5P9NnRHcRsptL1ypmudD26PDY+PvFCvfHRkJNfclWnvacVGxjowr7JOL3a9fd1wWhUw==}
    engines: {node: '>=14.0.0'}
    cpu: [wasm32]

  '@rolldown/binding-win32-arm64-msvc@1.0.0-beta.58':
    resolution: {integrity: sha512-sFqfYPnBZ6xBhMkadB7UD0yjEDRvs7ipR3nCggblN+N4ODCXY6qhg/bKL39+W+dgQybL7ErD4EGERVbW9DAWvg==}
    engines: {node: ^20.19.0 || >=22.12.0}
    cpu: [arm64]
    os: [win32]

  '@rolldown/binding-win32-x64-msvc@1.0.0-beta.58':
    resolution: {integrity: sha512-AnFWJdAqB8+IDPcGrATYs67Kik/6tnndNJV2jGRmwlbeNiQQ8GhRJU8ETRlINfII0pqi9k4WWLnb00p1QCxw/Q==}
    engines: {node: ^20.19.0 || >=22.12.0}
    cpu: [x64]
    os: [win32]

  '@rolldown/pluginutils@1.0.0-beta.58':
    resolution: {integrity: sha512-qWhDs6yFGR5xDfdrwiSa3CWGIHxD597uGE/A9xGqytBjANvh4rLCTTkq7szhMV4+Ygh+PMS90KVJ8xWG/TkX4w==}

  '@tybys/wasm-util@0.10.1':
    resolution: {integrity: sha512-9tTaPJLSiejZKx+Bmog4uSubteqTvFrVrURwkmHixBo0G4seD0zUxp98E1DzUBJxLQ3NPwXrGKDiVjwx/DpPsg==}

  '@types/node@16.18.126':
    resolution: {integrity: sha512-OTcgaiwfGFBKacvfwuHzzn1KLxH/er8mluiy8/uM3sGXHaRe73RrSIj01jow9t4kJEW633Ov+cOexXeiApTyAw==}

  coc.nvim@0.0.83-next.24:
    resolution: {integrity: sha512-5U1efxofnRxNlr4Y05n/bqsd/TSNYrIAoL0AOs55n2l4bUz6IeekmTL0V47mi0/P8fkQQokOuYbV4qELCxxbWA==}
    engines: {node: '>=16.18.0'}
    peerDependencies:
      '@types/node': ^16.18.0

  oxfmt@0.22.0:
    resolution: {integrity: sha512-Z7JM5yv4KaDz5kT21MxRAvtYo5Eu9Ti/XY1JYShSOlaH859XSn4UaS3wlZKyz4Mpbo8ISkxhU75UY5yp+OQUyA==}
    engines: {node: ^20.19.0 || >=22.12.0}
    hasBin: true

  oxlint-tsgolint@0.10.1:
    resolution: {integrity: sha512-EEHNdo5cW2w1xwYdBQ7d3IXDqWAtMkfVFrh+9gQ4kYbYJwygY4QXSh1eH80/xVipZdVKujAwBgg/nNNHk56kxQ==}
    hasBin: true

  oxlint@1.37.0:
    resolution: {integrity: sha512-MAw0JH8M5/vt9E2WxSsmJu53bVLmG6qNlVw1OXFenJYItTPbMBtW7j3n53+tgNhNuxFPundM1DR7V8E39qOOrg==}
    engines: {node: ^20.19.0 || >=22.12.0}
    hasBin: true
    peerDependencies:
      oxlint-tsgolint: '>=0.10.0'
    peerDependenciesMeta:
      oxlint-tsgolint:
        optional: true

  rolldown@1.0.0-beta.58:
    resolution: {integrity: sha512-v1FCjMZCan7f+xGAHBi+mqiE4MlH7I+SXEHSQSJoMOGNNB2UYtvMiejsq9YuUOiZjNeUeV/a21nSFbrUR+4ZCQ==}
    engines: {node: ^20.19.0 || >=22.12.0}
    hasBin: true

  tinypool@2.0.0:
    resolution: {integrity: sha512-/RX9RzeH2xU5ADE7n2Ykvmi9ED3FBGPAjw9u3zucrNNaEBIO0HPSYgL0NT7+3p147ojeSdaVu08F6hjpv31HJg==}
    engines: {node: ^20.0.0 || >=22.0.0}

  tslib@2.8.1:
    resolution: {integrity: sha512-oJFu94HQb+KVduSUQL7wnpmqnfmLsOA/nAh6b6EH0wCEoK0/mPeXU6c3wKDV83MkOuHPRHtSXKKU99IBazS/2w==}

  typescript@5.9.3:
    resolution: {integrity: sha512-jl1vZzPDinLr9eUt3J/t7V6FgNEw9QjvBPdysz9KfQDD41fQrC2Y4vKQdiaUpFT4bXlb1RHhLpp8wtm6M5TgSw==}
    engines: {node: '>=14.17'}
    hasBin: true

snapshots:

  '@emnapi/core@1.7.1':
    dependencies:
      '@emnapi/wasi-threads': 1.1.0
      tslib: 2.8.1
    optional: true

  '@emnapi/runtime@1.7.1':
    dependencies:
      tslib: 2.8.1
    optional: true

  '@emnapi/wasi-threads@1.1.0':
    dependencies:
      tslib: 2.8.1
    optional: true

  '@napi-rs/wasm-runtime@1.1.1':
    dependencies:
      '@emnapi/core': 1.7.1
      '@emnapi/runtime': 1.7.1
      '@tybys/wasm-util': 0.10.1
    optional: true

  '@oxc-project/types@0.106.0': {}

  '@oxfmt/darwin-arm64@0.22.0':
    optional: true

  '@oxfmt/darwin-x64@0.22.0':
    optional: true

  '@oxfmt/linux-arm64-gnu@0.22.0':
    optional: true

  '@oxfmt/linux-arm64-musl@0.22.0':
    optional: true

  '@oxfmt/linux-x64-gnu@0.22.0':
    optional: true

  '@oxfmt/linux-x64-musl@0.22.0':
    optional: true

  '@oxfmt/win32-arm64@0.22.0':
    optional: true

  '@oxfmt/win32-x64@0.22.0':
    optional: true

  '@oxlint-tsgolint/darwin-arm64@0.10.1':
    optional: true

  '@oxlint-tsgolint/darwin-x64@0.10.1':
    optional: true

  '@oxlint-tsgolint/linux-arm64@0.10.1':
    optional: true

  '@oxlint-tsgolint/linux-x64@0.10.1':
    optional: true

  '@oxlint-tsgolint/win32-arm64@0.10.1':
    optional: true

  '@oxlint-tsgolint/win32-x64@0.10.1':
    optional: true

  '@oxlint/darwin-arm64@1.37.0':
    optional: true

  '@oxlint/darwin-x64@1.37.0':
    optional: true

  '@oxlint/linux-arm64-gnu@1.37.0':
    optional: true

  '@oxlint/linux-arm64-musl@1.37.0':
    optional: true

  '@oxlint/linux-x64-gnu@1.37.0':
    optional: true

  '@oxlint/linux-x64-musl@1.37.0':
    optional: true

  '@oxlint/win32-arm64@1.37.0':
    optional: true

  '@oxlint/win32-x64@1.37.0':
    optional: true

  '@rolldown/binding-android-arm64@1.0.0-beta.58':
    optional: true

  '@rolldown/binding-darwin-arm64@1.0.0-beta.58':
    optional: true

  '@rolldown/binding-darwin-x64@1.0.0-beta.58':
    optional: true

  '@rolldown/binding-freebsd-x64@1.0.0-beta.58':
    optional: true

  '@rolldown/binding-linux-arm-gnueabihf@1.0.0-beta.58':
    optional: true

  '@rolldown/binding-linux-arm64-gnu@1.0.0-beta.58':
    optional: true

  '@rolldown/binding-linux-arm64-musl@1.0.0-beta.58':
    optional: true

  '@rolldown/binding-linux-x64-gnu@1.0.0-beta.58':
    optional: true

  '@rolldown/binding-linux-x64-musl@1.0.0-beta.58':
    optional: true

  '@rolldown/binding-openharmony-arm64@1.0.0-beta.58':
    optional: true

  '@rolldown/binding-wasm32-wasi@1.0.0-beta.58':
    dependencies:
      '@napi-rs/wasm-runtime': 1.1.1
    optional: true

  '@rolldown/binding-win32-arm64-msvc@1.0.0-beta.58':
    optional: true

  '@rolldown/binding-win32-x64-msvc@1.0.0-beta.58':
    optional: true

  '@rolldown/pluginutils@1.0.0-beta.58': {}

  '@tybys/wasm-util@0.10.1':
    dependencies:
      tslib: 2.8.1
    optional: true

  '@types/node@16.18.126': {}

  coc.nvim@0.0.83-next.24(@types/node@16.18.126):
    dependencies:
      '@types/node': 16.18.126

  oxfmt@0.22.0:
    dependencies:
      tinypool: 2.0.0
    optionalDependencies:
      '@oxfmt/darwin-arm64': 0.22.0
      '@oxfmt/darwin-x64': 0.22.0
      '@oxfmt/linux-arm64-gnu': 0.22.0
      '@oxfmt/linux-arm64-musl': 0.22.0
      '@oxfmt/linux-x64-gnu': 0.22.0
      '@oxfmt/linux-x64-musl': 0.22.0
      '@oxfmt/win32-arm64': 0.22.0
      '@oxfmt/win32-x64': 0.22.0

  oxlint-tsgolint@0.10.1:
    optionalDependencies:
      '@oxlint-tsgolint/darwin-arm64': 0.10.1
      '@oxlint-tsgolint/darwin-x64': 0.10.1
      '@oxlint-tsgolint/linux-arm64': 0.10.1
      '@oxlint-tsgolint/linux-x64': 0.10.1
      '@oxlint-tsgolint/win32-arm64': 0.10.1
      '@oxlint-tsgolint/win32-x64': 0.10.1

  oxlint@1.37.0(oxlint-tsgolint@0.10.1):
    optionalDependencies:
      '@oxlint/darwin-arm64': 1.37.0
      '@oxlint/darwin-x64': 1.37.0
      '@oxlint/linux-arm64-gnu': 1.37.0
      '@oxlint/linux-arm64-musl': 1.37.0
      '@oxlint/linux-x64-gnu': 1.37.0
      '@oxlint/linux-x64-musl': 1.37.0
      '@oxlint/win32-arm64': 1.37.0
      '@oxlint/win32-x64': 1.37.0
      oxlint-tsgolint: 0.10.1

  rolldown@1.0.0-beta.58:
    dependencies:
      '@oxc-project/types': 0.106.0
      '@rolldown/pluginutils': 1.0.0-beta.58
    optionalDependencies:
      '@rolldown/binding-android-arm64': 1.0.0-beta.58
      '@rolldown/binding-darwin-arm64': 1.0.0-beta.58
      '@rolldown/binding-darwin-x64': 1.0.0-beta.58
      '@rolldown/binding-freebsd-x64': 1.0.0-beta.58
      '@rolldown/binding-linux-arm-gnueabihf': 1.0.0-beta.58
      '@rolldown/binding-linux-arm64-gnu': 1.0.0-beta.58
      '@rolldown/binding-linux-arm64-musl': 1.0.0-beta.58
      '@rolldown/binding-linux-x64-gnu': 1.0.0-beta.58
      '@rolldown/binding-linux-x64-musl': 1.0.0-beta.58
      '@rolldown/binding-openharmony-arm64': 1.0.0-beta.58
      '@rolldown/binding-wasm32-wasi': 1.0.0-beta.58
      '@rolldown/binding-win32-arm64-msvc': 1.0.0-beta.58
      '@rolldown/binding-win32-x64-msvc': 1.0.0-beta.58

  tinypool@2.0.0: {}

  tslib@2.8.1:
    optional: true

  typescript@5.9.3: {}
