lockfileVersion: '9.0'

settings:
  autoInstallPeers: true
  excludeLinksFromLockfile: false

importers:

  .:
    devDependencies:
      coc.nvim:
        specifier: 0.0.83-next.24
        version: 0.0.83-next.24(@types/node@16.18.126)
      oxfmt:
        specifier: ^0.27.0
        version: 0.27.0
      oxlint:
        specifier: ^1.39.0
        version: 1.42.0(oxlint-tsgolint@0.11.2)
      oxlint-tsgolint:
        specifier: ^0.11.0
        version: 0.11.2
      rolldown:
        specifier: 1.0.0-rc.1
        version: 1.0.0-rc.1
      typescript:
        specifier: ^5.9.3
        version: 5.9.3

packages:

  '@emnapi/core@1.8.1':
    resolution: {integrity: sha512-AvT9QFpxK0Zd8J0jopedNm+w/2fIzvtPKPjqyw9jwvBaReTTqPBk9Hixaz7KbjimP+QNz605/XnjFcDAL2pqBg==}

  '@emnapi/runtime@1.8.1':
    resolution: {integrity: sha512-mehfKSMWjjNol8659Z8KxEMrdSJDDot5SXMq00dM8BN4o+CLNXQ0xH2V7EchNHV4RmbZLmmPdEaXZc5H2FXmDg==}

  '@emnapi/wasi-threads@1.1.0':
    resolution: {integrity: sha512-WI0DdZ8xFSbgMjR1sFsKABJ/C5OnRrjT06JXbZKexJGrDuPTzZdDYfFlsgcCXCyf+suG5QU2e/y1Wo2V/OapLQ==}

  '@napi-rs/wasm-runtime@1.1.1':
    resolution: {integrity: sha512-p64ah1M1ld8xjWv3qbvFwHiFVWrq1yFvV4f7w+mzaqiR4IlSgkqhcRdHwsGgomwzBH51sRY4NEowLxnaBjcW/A==}

  '@oxc-project/types@0.110.0':
    resolution: {integrity: sha512-6Ct21OIlrEnFEJk5LT4e63pk3btsI6/TusD/GStLi7wYlGJNOl1GI9qvXAnRAxQU9zqA2Oz+UwhfTOU2rPZVow==}

  '@oxfmt/darwin-arm64@0.27.0':
    resolution: {integrity: sha512-3vwqyzNlVTVFVzHMlrqxb4tgVgHp6FYS0uIxsIZ/SeEDG0azaqiOw/2t8LlJ9f72PKRLWSey+Ak99tiKgpbsnQ==}
    cpu: [arm64]
    os: [darwin]

  '@oxfmt/darwin-x64@0.27.0':
    resolution: {integrity: sha512-5u8mZVLm70v6l1wLZ2MmeNIEzGsruwKw5F7duePzpakPfxGtLpiFNUwe4aBUJULTP6aMzH+A4dA0JOn8lb7Luw==}
    cpu: [x64]
    os: [darwin]

  '@oxfmt/linux-arm64-gnu@0.27.0':
    resolution: {integrity: sha512-aql/LLYriX/5Ar7o5Qivnp/qMTUPNiOCr7cFLvmvzYZa3XL0H8XtbKUfIVm+9ILR0urXQzcml+L8pLe1p8sgEg==}
    cpu: [arm64]
    os: [linux]

  '@oxfmt/linux-arm64-musl@0.27.0':
    resolution: {integrity: sha512-6u/kNb7hubthg4u/pn3MK/GJLwPgjDvDDnjjr7TC0/OK/xztef8ToXmycxIQ9OeDNIJJf7Z0Ss/rHnKvQOWzRw==}
    cpu: [arm64]
    os: [linux]

  '@oxfmt/linux-x64-gnu@0.27.0':
    resolution: {integrity: sha512-EhvDfFHO1yrK/Cu75eU1U828lBsW2cV0JITOrka5AjR3PlmnQQ03Mr9ROkWkbPmzAMklXI4Q16eO+4n+7FhS1w==}
    cpu: [x64]
    os: [linux]

  '@oxfmt/linux-x64-musl@0.27.0':
    resolution: {integrity: sha512-1pgjuwMT5sCekuteYZ7LkDsto7DJouaccwjozHqdWohSj2zJpFeSP2rMaC+6JJ1KD5r9HG9sWRuHZGEaoX9uOw==}
    cpu: [x64]
    os: [linux]

  '@oxfmt/win32-arm64@0.27.0':
    resolution: {integrity: sha512-mmuEhXZEhAYAeyjVTWwGKIA3RSb2b/He9wrXkDJPhmqp8qISUzkVg1dQmLEt4hD+wI5rzR+6vchPt521tzuRDA==}
    cpu: [arm64]
    os: [win32]

  '@oxfmt/win32-x64@0.27.0':
    resolution: {integrity: sha512-cXKVkL1DuRq31QjwHqtBEUztyBmM9YZKdeFhsDLBURNdk1CFW42uWsmTsaqrXSoiCj7nCjfP0pwTOzxhQZra/A==}
    cpu: [x64]
    os: [win32]

  '@oxlint-tsgolint/darwin-arm64@0.11.2':
    resolution: {integrity: sha512-LXQ47SH4MjzgI8xXMMB22N9G6yXojL8YNemPgvwtMw37by5H2rOBXsdViX2r0ubV75ak1/7GlxVAFEKQ9lc+Dw==}
    cpu: [arm64]
    os: [darwin]

  '@oxlint-tsgolint/darwin-x64@0.11.2':
    resolution: {integrity: sha512-am1cy2mhq56DhG5gdErCfAnHYr2JiJIxRtRyXfAkAVekteaAwRwK1OytjO7s455oGNUVKPD3M8bkEJ3L/FWk8A==}
    cpu: [x64]
    os: [darwin]

  '@oxlint-tsgolint/linux-arm64@0.11.2':
    resolution: {integrity: sha512-KNMXweLVdUevvi7XvDiiJbQSBKZQmRyBAwS2G8R32AxUusdDccmt0yB++0nH5WN+U5tLLEa0BlkaVTVHhxThAw==}
    cpu: [arm64]
    os: [linux]

  '@oxlint-tsgolint/linux-x64@0.11.2':
    resolution: {integrity: sha512-bkKayG26rLua4RVhtZOk8GbplBTTD9k+NI8EA+qwP7TSC3ndtIlj/LHNo17+DPa4IYrhd+2vLsUxTvGh7TeTgg==}
    cpu: [x64]
    os: [linux]

  '@oxlint-tsgolint/win32-arm64@0.11.2':
    resolution: {integrity: sha512-0imJQy2VhFeOms961lgAEbmlr3LdepBb2ClWYeu0HPc8Mi05x/bT4BReFY7L4gdctajYIrKDS2Dzp2zEqeHn1g==}
    cpu: [arm64]
    os: [win32]

  '@oxlint-tsgolint/win32-x64@0.11.2':
    resolution: {integrity: sha512-kAYRB8WP+t6TRzO/4DALoggtw8NjE6mPk8VzEOK3EJRtE3Pdo1fdVVCE2xaPctQEf7JZ+1D55ZNLnTR7lT8Bxg==}
    cpu: [x64]
    os: [win32]

  '@oxlint/darwin-arm64@1.42.0':
    resolution: {integrity: sha512-ui5CdAcDsXPQwZQEXOOSWsilJWhgj9jqHCvYBm2tDE8zfwZZuF9q58+hGKH1x5y0SV4sRlyobB2Quq6uU6EgeA==}
    cpu: [arm64]
    os: [darwin]

  '@oxlint/darwin-x64@1.42.0':
    resolution: {integrity: sha512-wo0M/hcpHRv7vFje99zHHqheOhVEwUOKjOgBKyi0M99xcLizv04kcSm1rTd6HSCeZgOtiJYZRVAlKhQOQw2byQ==}
    cpu: [x64]
    os: [darwin]

  '@oxlint/linux-arm64-gnu@1.42.0':
    resolution: {integrity: sha512-j4QzfCM8ks+OyM+KKYWDiBEQsm5RCW50H1Wz16wUyoFsobJ+X5qqcJxq6HvkE07m8euYmZelyB0WqsiDoz1v8g==}
    cpu: [arm64]
    os: [linux]

  '@oxlint/linux-arm64-musl@1.42.0':
    resolution: {integrity: sha512-g5b1Uw7zo6yw4Ymzyd1etKzAY7xAaGA3scwB8tAp3QzuY7CYdfTwlhiLKSAKbd7T/JBgxOXAGNcLDorJyVTXcg==}
    cpu: [arm64]
    os: [linux]

  '@oxlint/linux-x64-gnu@1.42.0':
    resolution: {integrity: sha512-HnD99GD9qAbpV4q9iQil7mXZUJFpoBdDavfcC2CgGLPlawfcV5COzQPNwOgvPVkr7C0cBx6uNCq3S6r9IIiEIg==}
    cpu: [x64]
    os: [linux]

  '@oxlint/linux-x64-musl@1.42.0':
    resolution: {integrity: sha512-8NTe8A78HHFn+nBi+8qMwIjgv9oIBh+9zqCPNLH56ah4vKOPvbePLI6NIv9qSkmzrBuu8SB+FJ2TH/G05UzbNA==}
    cpu: [x64]
    os: [linux]

  '@oxlint/win32-arm64@1.42.0':
    resolution: {integrity: sha512-lAPS2YAuu+qFqoTNPFcNsxXjwSV0M+dOgAzzVTAN7Yo2ifj+oLOx0GsntWoM78PvQWI7Q827ZxqtU2ImBmDapA==}
    cpu: [arm64]
    os: [win32]

  '@oxlint/win32-x64@1.42.0':
    resolution: {integrity: sha512-3/KmyUOHNriL6rLpaFfm9RJxdhpXY2/Ehx9UuorJr2pUA+lrZL15FAEx/DOszYm5r10hfzj40+efAHcCilNvSQ==}
    cpu: [x64]
    os: [win32]

  '@rolldown/binding-android-arm64@1.0.0-rc.1':
    resolution: {integrity: sha512-He6ZoCfv5D7dlRbrhNBkuMVIHd0GDnjJwbICE1OWpG7G3S2gmJ+eXkcNLJjzjNDpeI2aRy56ou39AJM9AD8YFA==}
    engines: {node: ^20.19.0 || >=22.12.0}
    cpu: [arm64]
    os: [android]

  '@rolldown/binding-darwin-arm64@1.0.0-rc.1':
    resolution: {integrity: sha512-YzJdn08kSOXnj85ghHauH2iHpOJ6eSmstdRTLyaziDcUxe9SyQJgGyx/5jDIhDvtOcNvMm2Ju7m19+S/Rm1jFg==}
    engines: {node: ^20.19.0 || >=22.12.0}
    cpu: [arm64]
    os: [darwin]

  '@rolldown/binding-darwin-x64@1.0.0-rc.1':
    resolution: {integrity: sha512-cIvAbqM+ZVV6lBSKSBtlNqH5iCiW933t1q8j0H66B3sjbe8AxIRetVqfGgcHcJtMzBIkIALlL9fcDrElWLJQcQ==}
    engines: {node: ^20.19.0 || >=22.12.0}
    cpu: [x64]
    os: [darwin]

  '@rolldown/binding-freebsd-x64@1.0.0-rc.1':
    resolution: {integrity: sha512-rVt+B1B/qmKwCl1XD02wKfgh3vQPXRXdB/TicV2w6g7RVAM1+cZcpigwhLarqiVCxDObFZ7UgXCxPC7tpDoRog==}
    engines: {node: ^20.19.0 || >=22.12.0}
    cpu: [x64]
    os: [freebsd]

  '@rolldown/binding-linux-arm-gnueabihf@1.0.0-rc.1':
    resolution: {integrity: sha512-69YKwJJBOFprQa1GktPgbuBOfnn+EGxu8sBJ1TjPER+zhSpYeaU4N07uqmyBiksOLGXsMegymuecLobfz03h8Q==}
    engines: {node: ^20.19.0 || >=22.12.0}
    cpu: [arm]
    os: [linux]

  '@rolldown/binding-linux-arm64-gnu@1.0.0-rc.1':
    resolution: {integrity: sha512-9JDhHUf3WcLfnViFWm+TyorqUtnSAHaCzlSNmMOq824prVuuzDOK91K0Hl8DUcEb9M5x2O+d2/jmBMsetRIn3g==}
    engines: {node: ^20.19.0 || >=22.12.0}
    cpu: [arm64]
    os: [linux]

  '@rolldown/binding-linux-arm64-musl@1.0.0-rc.1':
    resolution: {integrity: sha512-UvApLEGholmxw/HIwmUnLq3CwdydbhaHHllvWiCTNbyGom7wTwOtz5OAQbAKZYyiEOeIXZNPkM7nA4Dtng7CLw==}
    engines: {node: ^20.19.0 || >=22.12.0}
    cpu: [arm64]
    os: [linux]

  '@rolldown/binding-linux-x64-gnu@1.0.0-rc.1':
    resolution: {integrity: sha512-uVctNgZHiGnJx5Fij7wHLhgw4uyZBVi6mykeWKOqE7bVy9Hcxn0fM/IuqdMwk6hXlaf9fFShDTFz2+YejP+x0A==}
    engines: {node: ^20.19.0 || >=22.12.0}
    cpu: [x64]
    os: [linux]

  '@rolldown/binding-linux-x64-musl@1.0.0-rc.1':
    resolution: {integrity: sha512-T6Eg0xWwcxd/MzBcuv4Z37YVbUbJxy5cMNnbIt/Yr99wFwli30O4BPlY8hKeGyn6lWNtU0QioBS46lVzDN38bg==}
    engines: {node: ^20.19.0 || >=22.12.0}
    cpu: [x64]
    os: [linux]

  '@rolldown/binding-openharmony-arm64@1.0.0-rc.1':
    resolution: {integrity: sha512-PuGZVS2xNJyLADeh2F04b+Cz4NwvpglbtWACgrDOa5YDTEHKwmiTDjoD5eZ9/ptXtcpeFrMqD2H4Zn33KAh1Eg==}
    engines: {node: ^20.19.0 || >=22.12.0}
    cpu: [arm64]
    os: [openharmony]

  '@rolldown/binding-wasm32-wasi@1.0.0-rc.1':
    resolution: {integrity: sha512-2mOxY562ihHlz9lEXuaGEIDCZ1vI+zyFdtsoa3M62xsEunDXQE+DVPO4S4x5MPK9tKulG/aFcA/IH5eVN257Cw==}
    engines: {node: '>=14.0.0'}
    cpu: [wasm32]

  '@rolldown/binding-win32-arm64-msvc@1.0.0-rc.1':
    resolution: {integrity: sha512-oQVOP5cfAWZwRD0Q3nGn/cA9FW3KhMMuQ0NIndALAe6obqjLhqYVYDiGGRGrxvnjJsVbpLwR14gIUYnpIcHR1g==}
    engines: {node: ^20.19.0 || >=22.12.0}
    cpu: [arm64]
    os: [win32]

  '@rolldown/binding-win32-x64-msvc@1.0.0-rc.1':
    resolution: {integrity: sha512-Ydsxxx++FNOuov3wCBPaYjZrEvKOOGq3k+BF4BPridhg2pENfitSRD2TEuQ8i33bp5VptuNdC9IzxRKU031z5A==}
    engines: {node: ^20.19.0 || >=22.12.0}
    cpu: [x64]
    os: [win32]

  '@rolldown/pluginutils@1.0.0-rc.1':
    resolution: {integrity: sha512-UTBjtTxVOhodhzFVp/ayITaTETRHPUPYZPXQe0WU0wOgxghMojXxYjOiPOauKIYNWJAWS2fd7gJgGQK8GU8vDA==}

  '@tybys/wasm-util@0.10.1':
    resolution: {integrity: sha512-9tTaPJLSiejZKx+Bmog4uSubteqTvFrVrURwkmHixBo0G4seD0zUxp98E1DzUBJxLQ3NPwXrGKDiVjwx/DpPsg==}

  '@types/node@16.18.126':
    resolution: {integrity: sha512-OTcgaiwfGFBKacvfwuHzzn1KLxH/er8mluiy8/uM3sGXHaRe73RrSIj01jow9t4kJEW633Ov+cOexXeiApTyAw==}

  coc.nvim@0.0.83-next.24:
    resolution: {integrity: sha512-5U1efxofnRxNlr4Y05n/bqsd/TSNYrIAoL0AOs55n2l4bUz6IeekmTL0V47mi0/P8fkQQokOuYbV4qELCxxbWA==}
    engines: {node: '>=16.18.0'}
    peerDependencies:
      '@types/node': ^16.18.0

  oxfmt@0.27.0:
    resolution: {integrity: sha512-FHR0HR3WeMKBuVEQvW3EeiRZXs/cQzNHxGbhCoAIEPr1FVcOa9GCqrKJXPqv2jkzmCg6Wqot+DvN9RzemyFJhw==}
    engines: {node: ^20.19.0 || >=22.12.0}
    hasBin: true

  oxlint-tsgolint@0.11.2:
    resolution: {integrity: sha512-CgtoZ4vAQCWYaJwQRPIFp6aId+db/s1cgIPJky7Sx8hA/nEO/ZSfvL4bee1GmldU84GcVC8nNiF6FJEdj2xDEw==}
    hasBin: true

  oxlint@1.42.0:
    resolution: {integrity: sha512-qnspC/lrp8FgKNaONLLn14dm+W5t0SSlus6V5NJpgI2YNT1tkFYZt4fBf14ESxf9AAh98WBASnW5f0gtw462Lg==}
    engines: {node: ^20.19.0 || >=22.12.0}
    hasBin: true
    peerDependencies:
      oxlint-tsgolint: '>=0.11.2'
    peerDependenciesMeta:
      oxlint-tsgolint:
        optional: true

  rolldown@1.0.0-rc.1:
    resolution: {integrity: sha512-M3AeZjYE6UclblEf531Hch0WfVC/NOL43Cc+WdF3J50kk5/fvouHhDumSGTh0oRjbZ8C4faaVr5r6Nx1xMqDGg==}
    engines: {node: ^20.19.0 || >=22.12.0}
    hasBin: true

  tinypool@2.0.0:
    resolution: {integrity: sha512-/RX9RzeH2xU5ADE7n2Ykvmi9ED3FBGPAjw9u3zucrNNaEBIO0HPSYgL0NT7+3p147ojeSdaVu08F6hjpv31HJg==}
    engines: {node: ^20.0.0 || >=22.0.0}

  tslib@2.8.1:
    resolution: {integrity: sha512-oJFu94HQb+KVduSUQL7wnpmqnfmLsOA/nAh6b6EH0wCEoK0/mPeXU6c3wKDV83MkOuHPRHtSXKKU99IBazS/2w==}

  typescript@5.9.3:
    resolution: {integrity: sha512-jl1vZzPDinLr9eUt3J/t7V6FgNEw9QjvBPdysz9KfQDD41fQrC2Y4vKQdiaUpFT4bXlb1RHhLpp8wtm6M5TgSw==}
    engines: {node: '>=14.17'}
    hasBin: true

snapshots:

  '@emnapi/core@1.8.1':
    dependencies:
      '@emnapi/wasi-threads': 1.1.0
      tslib: 2.8.1
    optional: true

  '@emnapi/runtime@1.8.1':
    dependencies:
      tslib: 2.8.1
    optional: true

  '@emnapi/wasi-threads@1.1.0':
    dependencies:
      tslib: 2.8.1
    optional: true

  '@napi-rs/wasm-runtime@1.1.1':
    dependencies:
      '@emnapi/core': 1.8.1
      '@emnapi/runtime': 1.8.1
      '@tybys/wasm-util': 0.10.1
    optional: true

  '@oxc-project/types@0.110.0': {}

  '@oxfmt/darwin-arm64@0.27.0':
    optional: true

  '@oxfmt/darwin-x64@0.27.0':
    optional: true

  '@oxfmt/linux-arm64-gnu@0.27.0':
    optional: true

  '@oxfmt/linux-arm64-musl@0.27.0':
    optional: true

  '@oxfmt/linux-x64-gnu@0.27.0':
    optional: true

  '@oxfmt/linux-x64-musl@0.27.0':
    optional: true

  '@oxfmt/win32-arm64@0.27.0':
    optional: true

  '@oxfmt/win32-x64@0.27.0':
    optional: true

  '@oxlint-tsgolint/darwin-arm64@0.11.2':
    optional: true

  '@oxlint-tsgolint/darwin-x64@0.11.2':
    optional: true

  '@oxlint-tsgolint/linux-arm64@0.11.2':
    optional: true

  '@oxlint-tsgolint/linux-x64@0.11.2':
    optional: true

  '@oxlint-tsgolint/win32-arm64@0.11.2':
    optional: true

  '@oxlint-tsgolint/win32-x64@0.11.2':
    optional: true

  '@oxlint/darwin-arm64@1.42.0':
    optional: true

  '@oxlint/darwin-x64@1.42.0':
    optional: true

  '@oxlint/linux-arm64-gnu@1.42.0':
    optional: true

  '@oxlint/linux-arm64-musl@1.42.0':
    optional: true

  '@oxlint/linux-x64-gnu@1.42.0':
    optional: true

  '@oxlint/linux-x64-musl@1.42.0':
    optional: true

  '@oxlint/win32-arm64@1.42.0':
    optional: true

  '@oxlint/win32-x64@1.42.0':
    optional: true

  '@rolldown/binding-android-arm64@1.0.0-rc.1':
    optional: true

  '@rolldown/binding-darwin-arm64@1.0.0-rc.1':
    optional: true

  '@rolldown/binding-darwin-x64@1.0.0-rc.1':
    optional: true

  '@rolldown/binding-freebsd-x64@1.0.0-rc.1':
    optional: true

  '@rolldown/binding-linux-arm-gnueabihf@1.0.0-rc.1':
    optional: true

  '@rolldown/binding-linux-arm64-gnu@1.0.0-rc.1':
    optional: true

  '@rolldown/binding-linux-arm64-musl@1.0.0-rc.1':
    optional: true

  '@rolldown/binding-linux-x64-gnu@1.0.0-rc.1':
    optional: true

  '@rolldown/binding-linux-x64-musl@1.0.0-rc.1':
    optional: true

  '@rolldown/binding-openharmony-arm64@1.0.0-rc.1':
    optional: true

  '@rolldown/binding-wasm32-wasi@1.0.0-rc.1':
    dependencies:
      '@napi-rs/wasm-runtime': 1.1.1
    optional: true

  '@rolldown/binding-win32-arm64-msvc@1.0.0-rc.1':
    optional: true

  '@rolldown/binding-win32-x64-msvc@1.0.0-rc.1':
    optional: true

  '@rolldown/pluginutils@1.0.0-rc.1': {}

  '@tybys/wasm-util@0.10.1':
    dependencies:
      tslib: 2.8.1
    optional: true

  '@types/node@16.18.126': {}

  coc.nvim@0.0.83-next.24(@types/node@16.18.126):
    dependencies:
      '@types/node': 16.18.126

  oxfmt@0.27.0:
    dependencies:
      tinypool: 2.0.0
    optionalDependencies:
      '@oxfmt/darwin-arm64': 0.27.0
      '@oxfmt/darwin-x64': 0.27.0
      '@oxfmt/linux-arm64-gnu': 0.27.0
      '@oxfmt/linux-arm64-musl': 0.27.0
      '@oxfmt/linux-x64-gnu': 0.27.0
      '@oxfmt/linux-x64-musl': 0.27.0
      '@oxfmt/win32-arm64': 0.27.0
      '@oxfmt/win32-x64': 0.27.0

  oxlint-tsgolint@0.11.2:
    optionalDependencies:
      '@oxlint-tsgolint/darwin-arm64': 0.11.2
      '@oxlint-tsgolint/darwin-x64': 0.11.2
      '@oxlint-tsgolint/linux-arm64': 0.11.2
      '@oxlint-tsgolint/linux-x64': 0.11.2
      '@oxlint-tsgolint/win32-arm64': 0.11.2
      '@oxlint-tsgolint/win32-x64': 0.11.2

  oxlint@1.42.0(oxlint-tsgolint@0.11.2):
    optionalDependencies:
      '@oxlint/darwin-arm64': 1.42.0
      '@oxlint/darwin-x64': 1.42.0
      '@oxlint/linux-arm64-gnu': 1.42.0
      '@oxlint/linux-arm64-musl': 1.42.0
      '@oxlint/linux-x64-gnu': 1.42.0
      '@oxlint/linux-x64-musl': 1.42.0
      '@oxlint/win32-arm64': 1.42.0
      '@oxlint/win32-x64': 1.42.0
      oxlint-tsgolint: 0.11.2

  rolldown@1.0.0-rc.1:
    dependencies:
      '@oxc-project/types': 0.110.0
      '@rolldown/pluginutils': 1.0.0-rc.1
    optionalDependencies:
      '@rolldown/binding-android-arm64': 1.0.0-rc.1
      '@rolldown/binding-darwin-arm64': 1.0.0-rc.1
      '@rolldown/binding-darwin-x64': 1.0.0-rc.1
      '@rolldown/binding-freebsd-x64': 1.0.0-rc.1
      '@rolldown/binding-linux-arm-gnueabihf': 1.0.0-rc.1
      '@rolldown/binding-linux-arm64-gnu': 1.0.0-rc.1
      '@rolldown/binding-linux-arm64-musl': 1.0.0-rc.1
      '@rolldown/binding-linux-x64-gnu': 1.0.0-rc.1
      '@rolldown/binding-linux-x64-musl': 1.0.0-rc.1
      '@rolldown/binding-openharmony-arm64': 1.0.0-rc.1
      '@rolldown/binding-wasm32-wasi': 1.0.0-rc.1
      '@rolldown/binding-win32-arm64-msvc': 1.0.0-rc.1
      '@rolldown/binding-win32-x64-msvc': 1.0.0-rc.1

  tinypool@2.0.0: {}

  tslib@2.8.1:
    optional: true

  typescript@5.9.3: {}
